{
  "nodes": {
    "nixpkgs": {
      "locked": {
        "lastModified": 1761373498,
        "narHash": "sha256-Q/uhWNvd7V7k1H1ZPMy/vkx3F8C13ZcdrKjO7Jv7v0c=",
        "owner": "NixOS",
        "repo": "nixpkgs",
        "rev": "6a08e6bb4e46ff7fcbb53d409b253f6bad8a28ce",
        "type": "github"
      },
      "original": {
        "owner": "NixOS",
        "ref": "nixos-unstable",
        "repo": "nixpkgs",
        "type": "github"
      }
    },
    "rNvim": {
      "flake": false,
      "locked": {
        "lastModified": 1760650130,
        "narHash": "sha256-KgvK2tR6C97Z1WEUbVNHzAe6QKUg0T5FLB9HwO3eay4=",
        "owner": "R-nvim",
        "repo": "R.nvim",
        "rev": "fef990378e4b5157f23314dca4136bc0079cc2c4",
        "type": "github"
      },
      "original": {
        "owner": "R-nvim",
        "repo": "R.nvim",
        "type": "github"
      }
    },
    "root": {
      "inputs": {
        "nixpkgs": "nixpkgs",
        "rNvim": "rNvim"
      }
    }
  },
  "root": "root",
  "version": 7
}
